
Microsoft Visual Studio Solution File, Format Version 11.00
# Visual Studio 2010
Project("{325B8569-0C7C-4A6A-8AF8-89C3B6BC9E74}") = "MockHack", "MockHack.stproj", "{2E010E21-D0AB-4A45-A519-21D7B79A1D8D}"
EndProject
Global
	GlobalSection(SolutionConfigurationPlatforms) = preSolution
		Debug|AnyCPU = Debug|AnyCPU
		Release|AnyCPU = Release|AnyCPU
	EndGlobalSection
	GlobalSection(ProjectConfigurationPlatforms) = postSolution
		{2E010E21-D0AB-4A45-A519-21D7B79A1D8D}.Debug|AnyCPU.ActiveCfg = Debug|AnyCPU
		{2E010E21-D0AB-4A45-A519-21D7B79A1D8D}.Debug|AnyCPU.Build.0 = Debug|AnyCPU
		{2E010E21-D0AB-4A45-A519-21D7B79A1D8D}.Release|AnyCPU.ActiveCfg = Release|AnyCPU
		{2E010E21-D0AB-4A45-A519-21D7B79A1D8D}.Release|AnyCPU.Build.0 = Release|AnyCPU
	EndGlobalSection
	GlobalSection(SolutionProperties) = preSolution
		HideSolutionNode = FALSE
	EndGlobalSection
EndGlobal
